
Microsoft Visual Studio Solution File, Format Version 12.00
# Visual Studio Version 17
VisualStudioVersion = 17.5.33530.505
MinimumVisualStudioVersion = 10.0.40219.1
Project("{FAE04EC0-301F-11D3-BF4B-00C04F79EFBC}") = "THE_WEB_APP", "THE_WEB_APP\THE_WEB_APP.csproj", "{BBA1FA8B-2870-4D50-AB93-C1BBDFF770A4}"
EndProject
Global
	GlobalSection(SolutionConfigurationPlatforms) = preSolution
		Debug|Any CPU = Debug|Any CPU
		Release|Any CPU = Release|Any CPU
	EndGlobalSection
	GlobalSection(ProjectConfigurationPlatforms) = postSolution
		{BBA1FA8B-2870-4D50-AB93-C1BBDFF770A4}.Debug|Any CPU.ActiveCfg = Debug|Any CPU
		{BBA1FA8B-2870-4D50-AB93-C1BBDFF770A4}.Debug|Any CPU.Build.0 = Debug|Any CPU
		{BBA1FA8B-2870-4D50-AB93-C1BBDFF770A4}.Release|Any CPU.ActiveCfg = Release|Any CPU
		{BBA1FA8B-2870-4D50-AB93-C1BBDFF770A4}.Release|Any CPU.Build.0 = Release|Any CPU
	EndGlobalSection
	GlobalSection(SolutionProperties) = preSolution
		HideSolutionNode = FALSE
	EndGlobalSection
	GlobalSection(ExtensibilityGlobals) = postSolution
		SolutionGuid = {CF13DF31-63A2-402C-B905-2132AC404A35}
	EndGlobalSection
EndGlobal
